
Microsoft Visual Studio Solution File, Format Version 12.00
# Visual Studio 15
VisualStudioVersion = 15.0.33423.255
MinimumVisualStudioVersion = 10.0.40219.1
Project("{FAE04EC0-301F-11D3-BF4B-00C04F79EFBC}") = "EF", "codefirst4\EF.csproj", "{F7DCDDF3-241A-45CD-AA1D-74F199E37733}"
EndProject
Global
	GlobalSection(SolutionConfigurationPlatforms) = preSolution
		Debug|Any CPU = Debug|Any CPU
		Release|Any CPU = Release|Any CPU
	EndGlobalSection
	GlobalSection(ProjectConfigurationPlatforms) = postSolution
		{F7DCDDF3-241A-45CD-AA1D-74F199E37733}.Debug|Any CPU.ActiveCfg = Debug|Any CPU
		{F7DCDDF3-241A-45CD-AA1D-74F199E37733}.Debug|Any CPU.Build.0 = Debug|Any CPU
		{F7DCDDF3-241A-45CD-AA1D-74F199E37733}.Release|Any CPU.ActiveCfg = Release|Any CPU
		{F7DCDDF3-241A-45CD-AA1D-74F199E37733}.Release|Any CPU.Build.0 = Release|Any CPU
	EndGlobalSection
	GlobalSection(SolutionProperties) = preSolution
		HideSolutionNode = FALSE
	EndGlobalSection
	GlobalSection(ExtensibilityGlobals) = postSolution
		SolutionGuid = {54B9ABC3-D2B4-415D-A5FD-64525CA70A12}
	EndGlobalSection
EndGlobal
